// !$*UTF8*$!
{
	archiveVersion = 1;
	classes = {
	};
	objectVersion = 56;
	objects = {

/* Begin PBXBuildFile section */
		6F234702290197EF00A765BE /* TimeDurationPickerView.swift in Sources */ = {isa = PBXBuildFile; fileRef = 6F234701290197EF00A765BE /* TimeDurationPickerView.swift */; };
		6F23470429019A1200A765BE /* NewTimerScreenView.swift in Sources */ = {isa = PBXBuildFile; fileRef = 6F23470329019A1200A765BE /* NewTimerScreenView.swift */; };
		6F23470B290290E400A765BE /* OldMainViewController.swift in Sources */ = {isa = PBXBuildFile; fileRef = 6F234707290290E400A765BE /* OldMainViewController.swift */; };
		6F23470C290290E400A765BE /* OldSessionViewController.swift in Sources */ = {isa = PBXBuildFile; fileRef = 6F234708290290E400A765BE /* OldSessionViewController.swift */; };
		6F23470D290290E400A765BE /* OldSetupViewController.swift in Sources */ = {isa = PBXBuildFile; fileRef = 6F234709290290E400A765BE /* OldSetupViewController.swift */; };
		6F23470E290290E400A765BE /* OldPlayerAddViewController.swift in Sources */ = {isa = PBXBuildFile; fileRef = 6F23470A290290E400A765BE /* OldPlayerAddViewController.swift */; };
		6F234712290290F700A765BE /* ClockListener.swift in Sources */ = {isa = PBXBuildFile; fileRef = 6F234710290290F600A765BE /* ClockListener.swift */; };
		6F234713290290F700A765BE /* PlayerClock.swift in Sources */ = {isa = PBXBuildFile; fileRef = 6F234711290290F600A765BE /* PlayerClock.swift */; };
		6F2347162902934C00A765BE /* StateController.swift in Sources */ = {isa = PBXBuildFile; fileRef = 6F2347152902934C00A765BE /* StateController.swift */; };
		6FA853CB28FB1A78005E4EC1 /* GameTimeApp.swift in Sources */ = {isa = PBXBuildFile; fileRef = 6FA853CA28FB1A78005E4EC1 /* GameTimeApp.swift */; };
		6FA853CD28FB1A78005E4EC1 /* GameTimeView.swift in Sources */ = {isa = PBXBuildFile; fileRef = 6FA853CC28FB1A78005E4EC1 /* GameTimeView.swift */; };
		6FA853CF28FB1A7A005E4EC1 /* Assets.xcassets in Resources */ = {isa = PBXBuildFile; fileRef = 6FA853CE28FB1A7A005E4EC1 /* Assets.xcassets */; };
		6FA853D228FB1A7A005E4EC1 /* Preview Assets.xcassets in Resources */ = {isa = PBXBuildFile; fileRef = 6FA853D128FB1A7A005E4EC1 /* Preview Assets.xcassets */; };
		6FA853D928FB1F03005E4EC1 /* TimerCardView.swift in Sources */ = {isa = PBXBuildFile; fileRef = 6FA853D828FB1F03005E4EC1 /* TimerCardView.swift */; };
		6FF1B0EB2906CA21001B9E38 /* TimerControlView.swift in Sources */ = {isa = PBXBuildFile; fileRef = 6FF1B0EA2906CA21001B9E38 /* TimerControlView.swift */; };
/* End PBXBuildFile section */

/* Begin PBXFileReference section */
		6F234701290197EF00A765BE /* TimeDurationPickerView.swift */ = {isa = PBXFileReference; lastKnownFileType = sourcecode.swift; path = TimeDurationPickerView.swift; sourceTree = "<group>"; };
		6F23470329019A1200A765BE /* NewTimerScreenView.swift */ = {isa = PBXFileReference; lastKnownFileType = sourcecode.swift; path = NewTimerScreenView.swift; sourceTree = "<group>"; };
		6F234707290290E400A765BE /* OldMainViewController.swift */ = {isa = PBXFileReference; fileEncoding = 4; lastKnownFileType = sourcecode.swift; path = OldMainViewController.swift; sourceTree = "<group>"; };
		6F234708290290E400A765BE /* OldSessionViewController.swift */ = {isa = PBXFileReference; fileEncoding = 4; lastKnownFileType = sourcecode.swift; path = OldSessionViewController.swift; sourceTree = "<group>"; };
		6F234709290290E400A765BE /* OldSetupViewController.swift */ = {isa = PBXFileReference; fileEncoding = 4; lastKnownFileType = sourcecode.swift; path = OldSetupViewController.swift; sourceTree = "<group>"; };
		6F23470A290290E400A765BE /* OldPlayerAddViewController.swift */ = {isa = PBXFileReference; fileEncoding = 4; lastKnownFileType = sourcecode.swift; path = OldPlayerAddViewController.swift; sourceTree = "<group>"; };
		6F234710290290F600A765BE /* ClockListener.swift */ = {isa = PBXFileReference; fileEncoding = 4; lastKnownFileType = sourcecode.swift; path = ClockListener.swift; sourceTree = "<group>"; };
		6F234711290290F600A765BE /* PlayerClock.swift */ = {isa = PBXFileReference; fileEncoding = 4; lastKnownFileType = sourcecode.swift; path = PlayerClock.swift; sourceTree = "<group>"; };
		6F2347152902934C00A765BE /* StateController.swift */ = {isa = PBXFileReference; lastKnownFileType = sourcecode.swift; path = StateController.swift; sourceTree = "<group>"; };
		6FA853C728FB1A78005E4EC1 /* GameTime.app */ = {isa = PBXFileReference; explicitFileType = wrapper.application; includeInIndex = 0; path = GameTime.app; sourceTree = BUILT_PRODUCTS_DIR; };
		6FA853CA28FB1A78005E4EC1 /* GameTimeApp.swift */ = {isa = PBXFileReference; lastKnownFileType = sourcecode.swift; path = GameTimeApp.swift; sourceTree = "<group>"; };
		6FA853CC28FB1A78005E4EC1 /* GameTimeView.swift */ = {isa = PBXFileReference; lastKnownFileType = sourcecode.swift; path = GameTimeView.swift; sourceTree = "<group>"; };
		6FA853CE28FB1A7A005E4EC1 /* Assets.xcassets */ = {isa = PBXFileReference; lastKnownFileType = folder.assetcatalog; path = Assets.xcassets; sourceTree = "<group>"; };
		6FA853D128FB1A7A005E4EC1 /* Preview Assets.xcassets */ = {isa = PBXFileReference; lastKnownFileType = folder.assetcatalog; path = "Preview Assets.xcassets"; sourceTree = "<group>"; };
		6FA853D828FB1F03005E4EC1 /* TimerCardView.swift */ = {isa = PBXFileReference; lastKnownFileType = sourcecode.swift; path = TimerCardView.swift; sourceTree = "<group>"; };
		6FF1B0EA2906CA21001B9E38 /* TimerControlView.swift */ = {isa = PBXFileReference; lastKnownFileType = sourcecode.swift; path = TimerControlView.swift; sourceTree = "<group>"; };
/* End PBXFileReference section */

/* Begin PBXFrameworksBuildPhase section */
		6FA853C428FB1A78005E4EC1 /* Frameworks */ = {
			isa = PBXFrameworksBuildPhase;
			buildActionMask = 2147483647;
			files = (
			);
			runOnlyForDeploymentPostprocessing = 0;
		};
/* End PBXFrameworksBuildPhase section */

/* Begin PBXGroup section */
		6F23470529028FCA00A765BE /* View */ = {
			isa = PBXGroup;
			children = (
				6FA853CC28FB1A78005E4EC1 /* GameTimeView.swift */,
				6FF1B0EA2906CA21001B9E38 /* TimerControlView.swift */,
				6FA853D828FB1F03005E4EC1 /* TimerCardView.swift */,
				6F23470329019A1200A765BE /* NewTimerScreenView.swift */,
				6F234701290197EF00A765BE /* TimeDurationPickerView.swift */,
			);
			path = View;
			sourceTree = "<group>";
		};
		6F234706290290C800A765BE /* OldViewController */ = {
			isa = PBXGroup;
			children = (
				6F234707290290E400A765BE /* OldMainViewController.swift */,
				6F23470A290290E400A765BE /* OldPlayerAddViewController.swift */,
				6F234708290290E400A765BE /* OldSessionViewController.swift */,
				6F234709290290E400A765BE /* OldSetupViewController.swift */,
			);
			path = OldViewController;
			sourceTree = "<group>";
		};
		6F23470F290290F600A765BE /* Model */ = {
			isa = PBXGroup;
			children = (
				6F234710290290F600A765BE /* ClockListener.swift */,
				6F234711290290F600A765BE /* PlayerClock.swift */,
			);
			path = Model;
			sourceTree = "<group>";
		};
		6F2347142902932700A765BE /* Manager */ = {
			isa = PBXGroup;
			children = (
				6F2347152902934C00A765BE /* StateController.swift */,
			);
			path = Manager;
			sourceTree = "<group>";
		};
		6FA853BE28FB1A78005E4EC1 = {
			isa = PBXGroup;
			children = (
				6FA853C928FB1A78005E4EC1 /* GameTime */,
				6FA853C828FB1A78005E4EC1 /* Products */,
			);
			sourceTree = "<group>";
		};
		6FA853C828FB1A78005E4EC1 /* Products */ = {
			isa = PBXGroup;
			children = (
				6FA853C728FB1A78005E4EC1 /* GameTime.app */,
			);
			name = Products;
			sourceTree = "<group>";
		};
		6FA853C928FB1A78005E4EC1 /* GameTime */ = {
			isa = PBXGroup;
			children = (
				6F23470F290290F600A765BE /* Model */,
				6F234706290290C800A765BE /* OldViewController */,
				6F2347142902932700A765BE /* Manager */,
				6F23470529028FCA00A765BE /* View */,
				6FA853CA28FB1A78005E4EC1 /* GameTimeApp.swift */,
				6FA853CE28FB1A7A005E4EC1 /* Assets.xcassets */,
				6FA853D028FB1A7A005E4EC1 /* Preview Content */,
			);
			path = GameTime;
			sourceTree = "<group>";
		};
		6FA853D028FB1A7A005E4EC1 /* Preview Content */ = {
			isa = PBXGroup;
			children = (
				6FA853D128FB1A7A005E4EC1 /* Preview Assets.xcassets */,
			);
			path = "Preview Content";
			sourceTree = "<group>";
		};
/* End PBXGroup section */

/* Begin PBXNativeTarget section */
		6FA853C628FB1A78005E4EC1 /* GameTime */ = {
			isa = PBXNativeTarget;
			buildConfigurationList = 6FA853D528FB1A7A005E4EC1 /* Build configuration list for PBXNativeTarget "GameTime" */;
			buildPhases = (
				6FA853C328FB1A78005E4EC1 /* Sources */,
				6FA853C428FB1A78005E4EC1 /* Frameworks */,
				6FA853C528FB1A78005E4EC1 /* Resources */,
			);
			buildRules = (
			);
			dependencies = (
			);
			name = GameTime;
			productName = GameTime;
			productReference = 6FA853C728FB1A78005E4EC1 /* GameTime.app */;
			productType = "com.apple.product-type.application";
		};
/* End PBXNativeTarget section */

/* Begin PBXProject section */
		6FA853BF28FB1A78005E4EC1 /* Project object */ = {
			isa = PBXProject;
			attributes = {
				BuildIndependentTargetsInParallel = 1;
				LastSwiftUpdateCheck = 1400;
				LastUpgradeCheck = 1400;
				TargetAttributes = {
					6FA853C628FB1A78005E4EC1 = {
						CreatedOnToolsVersion = 14.0.1;
					};
				};
			};
			buildConfigurationList = 6FA853C228FB1A78005E4EC1 /* Build configuration list for PBXProject "GameTime" */;
			compatibilityVersion = "Xcode 14.0";
			developmentRegion = en;
			hasScannedForEncodings = 0;
			knownRegions = (
				en,
				Base,
			);
			mainGroup = 6FA853BE28FB1A78005E4EC1;
			productRefGroup = 6FA853C828FB1A78005E4EC1 /* Products */;
			projectDirPath = "";
			projectRoot = "";
			targets = (
				6FA853C628FB1A78005E4EC1 /* GameTime */,
			);
		};
/* End PBXProject section */

/* Begin PBXResourcesBuildPhase section */
		6FA853C528FB1A78005E4EC1 /* Resources */ = {
			isa = PBXResourcesBuildPhase;
			buildActionMask = 2147483647;
			files = (
				6FA853D228FB1A7A005E4EC1 /* Preview Assets.xcassets in Resources */,
				6FA853CF28FB1A7A005E4EC1 /* Assets.xcassets in Resources */,
			);
			runOnlyForDeploymentPostprocessing = 0;
		};
/* End PBXResourcesBuildPhase section */

/* Begin PBXSourcesBuildPhase section */
		6FA853C328FB1A78005E4EC1 /* Sources */ = {
			isa = PBXSourcesBuildPhase;
			buildActionMask = 2147483647;
			files = (
				6F23470B290290E400A765BE /* OldMainViewController.swift in Sources */,
				6F23470C290290E400A765BE /* OldSessionViewController.swift in Sources */,
				6F23470429019A1200A765BE /* NewTimerScreenView.swift in Sources */,
				6FF1B0EB2906CA21001B9E38 /* TimerControlView.swift in Sources */,
				6F2347162902934C00A765BE /* StateController.swift in Sources */,
				6F234702290197EF00A765BE /* TimeDurationPickerView.swift in Sources */,
				6FA853CD28FB1A78005E4EC1 /* GameTimeView.swift in Sources */,
				6FA853D928FB1F03005E4EC1 /* TimerCardView.swift in Sources */,
				6F23470D290290E400A765BE /* OldSetupViewController.swift in Sources */,
				6F234712290290F700A765BE /* ClockListener.swift in Sources */,
				6F234713290290F700A765BE /* PlayerClock.swift in Sources */,
				6FA853CB28FB1A78005E4EC1 /* GameTimeApp.swift in Sources */,
				6F23470E290290E400A765BE /* OldPlayerAddViewController.swift in Sources */,
			);
			runOnlyForDeploymentPostprocessing = 0;
		};
/* End PBXSourcesBuildPhase section */

/* Begin XCBuildConfiguration section */
		6FA853D328FB1A7A005E4EC1 /* Debug */ = {
			isa = XCBuildConfiguration;
			buildSettings = {
				ALWAYS_SEARCH_USER_PATHS = NO;
				CLANG_ANALYZER_NONNULL = YES;
				CLANG_ANALYZER_NUMBER_OBJECT_CONVERSION = YES_AGGRESSIVE;
				CLANG_CXX_LANGUAGE_STANDARD = "gnu++20";
				CLANG_ENABLE_MODULES = YES;
				CLANG_ENABLE_OBJC_ARC = YES;
				CLANG_ENABLE_OBJC_WEAK = YES;
				CLANG_WARN_BLOCK_CAPTURE_AUTORELEASING = YES;
				CLANG_WARN_BOOL_CONVERSION = YES;
				CLANG_WARN_COMMA = YES;
				CLANG_WARN_CONSTANT_CONVERSION = YES;
				CLANG_WARN_DEPRECATED_OBJC_IMPLEMENTATIONS = YES;
				CLANG_WARN_DIRECT_OBJC_ISA_USAGE = YES_ERROR;
				CLANG_WARN_DOCUMENTATION_COMMENTS = YES;
				CLANG_WARN_EMPTY_BODY = YES;
				CLANG_WARN_ENUM_CONVERSION = YES;
				CLANG_WARN_INFINITE_RECURSION = YES;
				CLANG_WARN_INT_CONVERSION = YES;
				CLANG_WARN_NON_LITERAL_NULL_CONVERSION = YES;
				CLANG_WARN_OBJC_IMPLICIT_RETAIN_SELF = YES;
				CLANG_WARN_OBJC_LITERAL_CONVERSION = YES;
				CLANG_WARN_OBJC_ROOT_CLASS = YES_ERROR;
				CLANG_WARN_QUOTED_INCLUDE_IN_FRAMEWORK_HEADER = YES;
				CLANG_WARN_RANGE_LOOP_ANALYSIS = YES;
				CLANG_WARN_STRICT_PROTOTYPES = YES;
				CLANG_WARN_SUSPICIOUS_MOVE = YES;
				CLANG_WARN_UNGUARDED_AVAILABILITY = YES_AGGRESSIVE;
				CLANG_WARN_UNREACHABLE_CODE = YES;
				CLANG_WARN__DUPLICATE_METHOD_MATCH = YES;
				COPY_PHASE_STRIP = NO;
				DEBUG_INFORMATION_FORMAT = dwarf;
				ENABLE_STRICT_OBJC_MSGSEND = YES;
				ENABLE_TESTABILITY = YES;
				GCC_C_LANGUAGE_STANDARD = gnu11;
				GCC_DYNAMIC_NO_PIC = NO;
				GCC_NO_COMMON_BLOCKS = YES;
				GCC_OPTIMIZATION_LEVEL = 0;
				GCC_PREPROCESSOR_DEFINITIONS = (
					"DEBUG=1",
					"$(inherited)",
				);
				GCC_WARN_64_TO_32_BIT_CONVERSION = YES;
				GCC_WARN_ABOUT_RETURN_TYPE = YES_ERROR;
				GCC_WARN_UNDECLARED_SELECTOR = YES;
				GCC_WARN_UNINITIALIZED_AUTOS = YES_AGGRESSIVE;
				GCC_WARN_UNUSED_FUNCTION = YES;
				GCC_WARN_UNUSED_VARIABLE = YES;
				IPHONEOS_DEPLOYMENT_TARGET = 16.0;
				MTL_ENABLE_DEBUG_INFO = INCLUDE_SOURCE;
				MTL_FAST_MATH = YES;
				ONLY_ACTIVE_ARCH = YES;
				SDKROOT = iphoneos;
				SWIFT_ACTIVE_COMPILATION_CONDITIONS = DEBUG;
				SWIFT_OPTIMIZATION_LEVEL = "-Onone";
			};
			name = Debug;
		};
		6FA853D428FB1A7A005E4EC1 /* Release */ = {
			isa = XCBuildConfiguration;
			buildSettings = {
				ALWAYS_SEARCH_USER_PATHS = NO;
				CLANG_ANALYZER_NONNULL = YES;
				CLANG_ANALYZER_NUMBER_OBJECT_CONVERSION = YES_AGGRESSIVE;
				CLANG_CXX_LANGUAGE_STANDARD = "gnu++20";
				CLANG_ENABLE_MODULES = YES;
				CLANG_ENABLE_OBJC_ARC = YES;
				CLANG_ENABLE_OBJC_WEAK = YES;
				CLANG_WARN_BLOCK_CAPTURE_AUTORELEASING = YES;
				CLANG_WARN_BOOL_CONVERSION = YES;
				CLANG_WARN_COMMA = YES;
				CLANG_WARN_CONSTANT_CONVERSION = YES;
				CLANG_WARN_DEPRECATED_OBJC_IMPLEMENTATIONS = YES;
				CLANG_WARN_DIRECT_OBJC_ISA_USAGE = YES_ERROR;
				CLANG_WARN_DOCUMENTATION_COMMENTS = YES;
				CLANG_WARN_EMPTY_BODY = YES;
				CLANG_WARN_ENUM_CONVERSION = YES;
				CLANG_WARN_INFINITE_RECURSION = YES;
				CLANG_WARN_INT_CONVERSION = YES;
				CLANG_WARN_NON_LITERAL_NULL_CONVERSION = YES;
				CLANG_WARN_OBJC_IMPLICIT_RETAIN_SELF = YES;
				CLANG_WARN_OBJC_LITERAL_CONVERSION = YES;
				CLANG_WARN_OBJC_ROOT_CLASS = YES_ERROR;
				CLANG_WARN_QUOTED_INCLUDE_IN_FRAMEWORK_HEADER = YES;
				CLANG_WARN_RANGE_LOOP_ANALYSIS = YES;
				CLANG_WARN_STRICT_PROTOTYPES = YES;
				CLANG_WARN_SUSPICIOUS_MOVE = YES;
				CLANG_WARN_UNGUARDED_AVAILABILITY = YES_AGGRESSIVE;
				CLANG_WARN_UNREACHABLE_CODE = YES;
				CLANG_WARN__DUPLICATE_METHOD_MATCH = YES;
				COPY_PHASE_STRIP = NO;
				DEBUG_INFORMATION_FORMAT = "dwarf-with-dsym";
				ENABLE_NS_ASSERTIONS = NO;
				ENABLE_STRICT_OBJC_MSGSEND = YES;
				GCC_C_LANGUAGE_STANDARD = gnu11;
				GCC_NO_COMMON_BLOCKS = YES;
				GCC_WARN_64_TO_32_BIT_CONVERSION = YES;
				GCC_WARN_ABOUT_RETURN_TYPE = YES_ERROR;
				GCC_WARN_UNDECLARED_SELECTOR = YES;
				GCC_WARN_UNINITIALIZED_AUTOS = YES_AGGRESSIVE;
				GCC_WARN_UNUSED_FUNCTION = YES;
				GCC_WARN_UNUSED_VARIABLE = YES;
				IPHONEOS_DEPLOYMENT_TARGET = 16.0;
				MTL_ENABLE_DEBUG_INFO = NO;
				MTL_FAST_MATH = YES;
				SDKROOT = iphoneos;
				SWIFT_COMPILATION_MODE = wholemodule;
				SWIFT_OPTIMIZATION_LEVEL = "-O";
				VALIDATE_PRODUCT = YES;
			};
			name = Release;
		};
		6FA853D628FB1A7A005E4EC1 /* Debug */ = {
			isa = XCBuildConfiguration;
			buildSettings = {
				ASSETCATALOG_COMPILER_APPICON_NAME = AppIcon;
				ASSETCATALOG_COMPILER_GLOBAL_ACCENT_COLOR_NAME = AccentColor;
				CODE_SIGN_STYLE = Automatic;
				CURRENT_PROJECT_VERSION = 1;
				DEVELOPMENT_ASSET_PATHS = "\"GameTime/Preview Content\"";
				DEVELOPMENT_TEAM = 548ZQR4ZZN;
				ENABLE_PREVIEWS = YES;
				GENERATE_INFOPLIST_FILE = YES;
				INFOPLIST_KEY_UIApplicationSceneManifest_Generation = YES;
				INFOPLIST_KEY_UIApplicationSupportsIndirectInputEvents = YES;
				INFOPLIST_KEY_UILaunchScreen_Generation = YES;
				INFOPLIST_KEY_UISupportedInterfaceOrientations_iPad = "UIInterfaceOrientationPortrait UIInterfaceOrientationPortraitUpsideDown UIInterfaceOrientationLandscapeLeft UIInterfaceOrientationLandscapeRight";
				INFOPLIST_KEY_UISupportedInterfaceOrientations_iPhone = "UIInterfaceOrientationPortrait UIInterfaceOrientationLandscapeLeft UIInterfaceOrientationLandscapeRight";
				LD_RUNPATH_SEARCH_PATHS = (
					"$(inherited)",
					"@executable_path/Frameworks",
				);
				MARKETING_VERSION = 1.0;
				PRODUCT_BUNDLE_IDENTIFIER = com.jlucea.GameTime;
				PRODUCT_NAME = "$(TARGET_NAME)";
				SWIFT_EMIT_LOC_STRINGS = YES;
				SWIFT_VERSION = 5.0;
				TARGETED_DEVICE_FAMILY = "1,2";
			};
			name = Debug;
		};
		6FA853D728FB1A7A005E4EC1 /* Release */ = {
			isa = XCBuildConfiguration;
			buildSettings = {
				ASSETCATALOG_COMPILER_APPICON_NAME = AppIcon;
				ASSETCATALOG_COMPILER_GLOBAL_ACCENT_COLOR_NAME = AccentColor;
				CODE_SIGN_STYLE = Automatic;
				CURRENT_PROJECT_VERSION = 1;
				DEVELOPMENT_ASSET_PATHS = "\"GameTime/Preview Content\"";
				DEVELOPMENT_TEAM = 548ZQR4ZZN;
				ENABLE_PREVIEWS = YES;
				GENERATE_INFOPLIST_FILE = YES;
				INFOPLIST_KEY_UIApplicationSceneManifest_Generation = YES;
				INFOPLIST_KEY_UIApplicationSupportsIndirectInputEvents = YES;
				INFOPLIST_KEY_UILaunchScreen_Generation = YES;
				INFOPLIST_KEY_UISupportedInterfaceOrientations_iPad = "UIInterfaceOrientationPortrait UIInterfaceOrientationPortraitUpsideDown UIInterfaceOrientationLandscapeLeft UIInterfaceOrientationLandscapeRight";
				INFOPLIST_KEY_UISupportedInterfaceOrientations_iPhone = "UIInterfaceOrientationPortrait UIInterfaceOrientationLandscapeLeft UIInterfaceOrientationLandscapeRight";
				LD_RUNPATH_SEARCH_PATHS = (
					"$(inherited)",
					"@executable_path/Frameworks",
				);
				MARKETING_VERSION = 1.0;
				PRODUCT_BUNDLE_IDENTIFIER = com.jlucea.GameTime;
				PRODUCT_NAME = "$(TARGET_NAME)";
				SWIFT_EMIT_LOC_STRINGS = YES;
				SWIFT_VERSION = 5.0;
				TARGETED_DEVICE_FAMILY = "1,2";
			};
			name = Release;
		};
/* End XCBuildConfiguration section */

/* Begin XCConfigurationList section */
		6FA853C228FB1A78005E4EC1 /* Build configuration list for PBXProject "GameTime" */ = {
			isa = XCConfigurationList;
			buildConfigurations = (
				6FA853D328FB1A7A005E4EC1 /* Debug */,
				6FA853D428FB1A7A005E4EC1 /* Release */,
			);
			defaultConfigurationIsVisible = 0;
			defaultConfigurationName = Release;
		};
		6FA853D528FB1A7A005E4EC1 /* Build configuration list for PBXNativeTarget "GameTime" */ = {
			isa = XCConfigurationList;
			buildConfigurations = (
				6FA853D628FB1A7A005E4EC1 /* Debug */,
				6FA853D728FB1A7A005E4EC1 /* Release */,
			);
			defaultConfigurationIsVisible = 0;
			defaultConfigurationName = Release;
		};
/* End XCConfigurationList section */
	};
	rootObject = 6FA853BF28FB1A78005E4EC1 /* Project object */;
}
