// !$*UTF8*$!
{
	archiveVersion = 1;
	classes = {
	};
	objectVersion = 56;
	objects = {

/* Begin PBXBuildFile section */
		6F0F9067290E929D000E7E22 /* CircularProgressView.swift in Sources */ = {isa = PBXBuildFile; fileRef = 6F0F9066290E929D000E7E22 /* CircularProgressView.swift */; };
		6F23470429019A1200A765BE /* CreateTimerView.swift in Sources */ = {isa = PBXBuildFile; fileRef = 6F23470329019A1200A765BE /* CreateTimerView.swift */; };
		6F234713290290F700A765BE /* GTTimer.swift in Sources */ = {isa = PBXBuildFile; fileRef = 6F234711290290F600A765BE /* GTTimer.swift */; };
		6F2347162902934C00A765BE /* GTTimerManager.swift in Sources */ = {isa = PBXBuildFile; fileRef = 6F2347152902934C00A765BE /* GTTimerManager.swift */; };
		6F357A762D08B5620024F0F1 /* TimerRowView.swift in Sources */ = {isa = PBXBuildFile; fileRef = 6F357A752D08B5620024F0F1 /* TimerRowView.swift */; };
		6F3A9D1F2E1C4B8A00D11111 /* TimerList.swift in Sources */ = {isa = PBXBuildFile; fileRef = 6F3A9D1E2E1C4B8A00D11111 /* TimerList.swift */; };
		6F45A4DA2D1593E50042D03F /* PhaseChangeHandler.swift in Sources */ = {isa = PBXBuildFile; fileRef = 6F45A4D92D1593E50042D03F /* PhaseChangeHandler.swift */; };
		6F45A4DD2D1599940042D03F /* GameTimeToolbar.swift in Sources */ = {isa = PBXBuildFile; fileRef = 6F45A4DC2D1599940042D03F /* GameTimeToolbar.swift */; };
		6F46D5122D2DB7A900963A18 /* Localizable.xcstrings in Resources */ = {isa = PBXBuildFile; fileRef = 6F46D5112D2DB7A900963A18 /* Localizable.xcstrings */; };
		6F78F4052CD937D500ECD69D /* ColorPickerView.swift in Sources */ = {isa = PBXBuildFile; fileRef = 6F78F4042CD937D500ECD69D /* ColorPickerView.swift */; };
		6F81B5D22CA6FE740020BE44 /* EmptyView.swift in Sources */ = {isa = PBXBuildFile; fileRef = 6F81B5D12CA6FE740020BE44 /* EmptyView.swift */; };
		6F908BD32D0708C1000745F9 /* CreateTimerViewModel.swift in Sources */ = {isa = PBXBuildFile; fileRef = 6F908BD22D0708BB000745F9 /* CreateTimerViewModel.swift */; };
		6F908BD82D0711DE000745F9 /* TimerDuration.swift in Sources */ = {isa = PBXBuildFile; fileRef = 6F908BD72D0711DA000745F9 /* TimerDuration.swift */; };
		6FA853CB28FB1A78005E4EC1 /* GameTimeApp.swift in Sources */ = {isa = PBXBuildFile; fileRef = 6FA853CA28FB1A78005E4EC1 /* GameTimeApp.swift */; };
		6FA853CD28FB1A78005E4EC1 /* MainView.swift in Sources */ = {isa = PBXBuildFile; fileRef = 6FA853CC28FB1A78005E4EC1 /* MainView.swift */; };
		6FA853CF28FB1A7A005E4EC1 /* Assets.xcassets in Resources */ = {isa = PBXBuildFile; fileRef = 6FA853CE28FB1A7A005E4EC1 /* Assets.xcassets */; };
		6FA853D228FB1A7A005E4EC1 /* Preview Assets.xcassets in Resources */ = {isa = PBXBuildFile; fileRef = 6FA853D128FB1A7A005E4EC1 /* Preview Assets.xcassets */; };
		6FA853D928FB1F03005E4EC1 /* TimerCardView.swift in Sources */ = {isa = PBXBuildFile; fileRef = 6FA853D828FB1F03005E4EC1 /* TimerCardView.swift */; };
		6FE6CF532D29972E00FB78C5 /* ProcessInfo.swift in Sources */ = {isa = PBXBuildFile; fileRef = 6FE6CF522D29972E00FB78C5 /* ProcessInfo.swift */; };
		6FF1B0EB2906CA21001B9E38 /* ActiveTimerView.swift in Sources */ = {isa = PBXBuildFile; fileRef = 6FF1B0EA2906CA21001B9E38 /* ActiveTimerView.swift */; };
		6FF4A36A2CDA300900D7902D /* GTTextFieldView.swift in Sources */ = {isa = PBXBuildFile; fileRef = 6FF4A3692CDA300900D7902D /* GTTextFieldView.swift */; };
		6FF4A36C2CDD024D00D7902D /* TimerDurationPicker.swift in Sources */ = {isa = PBXBuildFile; fileRef = 6FF4A36B2CDD024D00D7902D /* TimerDurationPicker.swift */; };
/* End PBXBuildFile section */

/* Begin PBXFileReference section */
		6F0F9066290E929D000E7E22 /* CircularProgressView.swift */ = {isa = PBXFileReference; lastKnownFileType = sourcecode.swift; path = CircularProgressView.swift; sourceTree = "<group>"; };
		6F23470329019A1200A765BE /* CreateTimerView.swift */ = {isa = PBXFileReference; lastKnownFileType = sourcecode.swift; path = CreateTimerView.swift; sourceTree = "<group>"; };
		6F234711290290F600A765BE /* GTTimer.swift */ = {isa = PBXFileReference; fileEncoding = 4; lastKnownFileType = sourcecode.swift; path = GTTimer.swift; sourceTree = "<group>"; };
		6F2347152902934C00A765BE /* GTTimerManager.swift */ = {isa = PBXFileReference; lastKnownFileType = sourcecode.swift; path = GTTimerManager.swift; sourceTree = "<group>"; };
		6F357A752D08B5620024F0F1 /* TimerRowView.swift */ = {isa = PBXFileReference; lastKnownFileType = sourcecode.swift; path = TimerRowView.swift; sourceTree = "<group>"; };
		6F3A9D1E2E1C4B8A00D11111 /* TimerList.swift */ = {isa = PBXFileReference; lastKnownFileType = sourcecode.swift; path = TimerList.swift; sourceTree = "<group>"; };
		6F45A4D92D1593E50042D03F /* PhaseChangeHandler.swift */ = {isa = PBXFileReference; lastKnownFileType = sourcecode.swift; path = PhaseChangeHandler.swift; sourceTree = "<group>"; };
		6F45A4DC2D1599940042D03F /* GameTimeToolbar.swift */ = {isa = PBXFileReference; lastKnownFileType = sourcecode.swift; path = GameTimeToolbar.swift; sourceTree = "<group>"; };
		6F46D5112D2DB7A900963A18 /* Localizable.xcstrings */ = {isa = PBXFileReference; lastKnownFileType = text.json.xcstrings; name = Localizable.xcstrings; path = GameTime/Localizable.xcstrings; sourceTree = "<group>"; };
		6F78F4042CD937D500ECD69D /* ColorPickerView.swift */ = {isa = PBXFileReference; lastKnownFileType = sourcecode.swift; path = ColorPickerView.swift; sourceTree = "<group>"; };
		6F81B5D12CA6FE740020BE44 /* EmptyView.swift */ = {isa = PBXFileReference; lastKnownFileType = sourcecode.swift; path = EmptyView.swift; sourceTree = "<group>"; };
		6F908BD22D0708BB000745F9 /* CreateTimerViewModel.swift */ = {isa = PBXFileReference; lastKnownFileType = sourcecode.swift; path = CreateTimerViewModel.swift; sourceTree = "<group>"; };
		6F908BD72D0711DA000745F9 /* TimerDuration.swift */ = {isa = PBXFileReference; lastKnownFileType = sourcecode.swift; path = TimerDuration.swift; sourceTree = "<group>"; };
		6FA853C728FB1A78005E4EC1 /* GameTime.app */ = {isa = PBXFileReference; explicitFileType = wrapper.application; includeInIndex = 0; path = GameTime.app; sourceTree = BUILT_PRODUCTS_DIR; };
		6FA853CA28FB1A78005E4EC1 /* GameTimeApp.swift */ = {isa = PBXFileReference; lastKnownFileType = sourcecode.swift; path = GameTimeApp.swift; sourceTree = "<group>"; };
		6FA853CC28FB1A78005E4EC1 /* MainView.swift */ = {isa = PBXFileReference; lastKnownFileType = sourcecode.swift; path = MainView.swift; sourceTree = "<group>"; };
		6FA853CE28FB1A7A005E4EC1 /* Assets.xcassets */ = {isa = PBXFileReference; lastKnownFileType = folder.assetcatalog; path = Assets.xcassets; sourceTree = "<group>"; };
		6FA853D128FB1A7A005E4EC1 /* Preview Assets.xcassets */ = {isa = PBXFileReference; lastKnownFileType = folder.assetcatalog; path = "Preview Assets.xcassets"; sourceTree = "<group>"; };
		6FA853D828FB1F03005E4EC1 /* TimerCardView.swift */ = {isa = PBXFileReference; lastKnownFileType = sourcecode.swift; path = TimerCardView.swift; sourceTree = "<group>"; };
		6FE6CF522D29972E00FB78C5 /* ProcessInfo.swift */ = {isa = PBXFileReference; lastKnownFileType = sourcecode.swift; path = ProcessInfo.swift; sourceTree = "<group>"; };
		6FF1B0EA2906CA21001B9E38 /* ActiveTimerView.swift */ = {isa = PBXFileReference; lastKnownFileType = sourcecode.swift; path = ActiveTimerView.swift; sourceTree = "<group>"; };
		6FF4A3692CDA300900D7902D /* GTTextFieldView.swift */ = {isa = PBXFileReference; lastKnownFileType = sourcecode.swift; path = GTTextFieldView.swift; sourceTree = "<group>"; };
		6FF4A36B2CDD024D00D7902D /* TimerDurationPicker.swift */ = {isa = PBXFileReference; lastKnownFileType = sourcecode.swift; path = TimerDurationPicker.swift; sourceTree = "<group>"; };
/* End PBXFileReference section */

/* Begin PBXFrameworksBuildPhase section */
		6FA853C428FB1A78005E4EC1 /* Frameworks */ = {
			isa = PBXFrameworksBuildPhase;
			buildActionMask = 2147483647;
			files = (
			);
			runOnlyForDeploymentPostprocessing = 0;
		};
/* End PBXFrameworksBuildPhase section */

/* Begin PBXGroup section */
		6F23470529028FCA00A765BE /* View */ = {
			isa = PBXGroup;
			children = (
				6F908BD62D070954000745F9 /* CreateTimerView */,
				6F908BD52D070933000745F9 /* MainView */,
				6F370DFE290BEBF900A407C0 /* Components */,
				6F6A2E072D172E4400862C6D /* Toolbar */,
			);
			path = View;
			sourceTree = "<group>";
		};
		6F23470F290290F600A765BE /* Model */ = {
			isa = PBXGroup;
			children = (
				6F908BD72D0711DA000745F9 /* TimerDuration.swift */,
				6F234711290290F600A765BE /* GTTimer.swift */,
				6F2347152902934C00A765BE /* GTTimerManager.swift */,
			);
			path = Model;
			sourceTree = "<group>";
		};
		6F370DFE290BEBF900A407C0 /* Components */ = {
			isa = PBXGroup;
			children = (
				6FF4A36B2CDD024D00D7902D /* TimerDurationPicker.swift */,
				6FF4A3692CDA300900D7902D /* GTTextFieldView.swift */,
				6F0F9066290E929D000E7E22 /* CircularProgressView.swift */,
				6F78F4042CD937D500ECD69D /* ColorPickerView.swift */,
				6FA853D828FB1F03005E4EC1 /* TimerCardView.swift */,
				6F357A752D08B5620024F0F1 /* TimerRowView.swift */,
			);
			path = Components;
			sourceTree = "<group>";
		};
		6F45A4D82D1593D40042D03F /* Handler */ = {
			isa = PBXGroup;
			children = (
				6F45A4D92D1593E50042D03F /* PhaseChangeHandler.swift */,
			);
			path = Handler;
			sourceTree = "<group>";
		};
		6F6A2E072D172E4400862C6D /* Toolbar */ = {
			isa = PBXGroup;
			children = (
				6F45A4DC2D1599940042D03F /* GameTimeToolbar.swift */,
			);
			path = Toolbar;
			sourceTree = "<group>";
		};
		6F908BD52D070933000745F9 /* MainView */ = {
			isa = PBXGroup;
			children = (
				6FF1B0EA2906CA21001B9E38 /* ActiveTimerView.swift */,
				6F81B5D12CA6FE740020BE44 /* EmptyView.swift */,
				6FA853CC28FB1A78005E4EC1 /* MainView.swift */,
				6F3A9D1E2E1C4B8A00D11111 /* TimerList.swift */,
			);
			path = MainView;
			sourceTree = "<group>";
		};
		6F908BD62D070954000745F9 /* CreateTimerView */ = {
			isa = PBXGroup;
			children = (
				6F23470329019A1200A765BE /* CreateTimerView.swift */,
				6F908BD22D0708BB000745F9 /* CreateTimerViewModel.swift */,
			);
			path = CreateTimerView;
			sourceTree = "<group>";
		};
		6FA853BE28FB1A78005E4EC1 = {
			isa = PBXGroup;
			children = (
				6F46D5112D2DB7A900963A18 /* Localizable.xcstrings */,
				6FA853C928FB1A78005E4EC1 /* GameTime */,
				6FA853C828FB1A78005E4EC1 /* Products */,
			);
			sourceTree = "<group>";
		};
		6FA853C828FB1A78005E4EC1 /* Products */ = {
			isa = PBXGroup;
			children = (
				6FA853C728FB1A78005E4EC1 /* GameTime.app */,
			);
			name = Products;
			sourceTree = "<group>";
		};
		6FA853C928FB1A78005E4EC1 /* GameTime */ = {
			isa = PBXGroup;
			children = (
				6FE6CF512D29971900FB78C5 /* App */,
				6F45A4D82D1593D40042D03F /* Handler */,
				6F23470F290290F600A765BE /* Model */,
				6F23470529028FCA00A765BE /* View */,
				6FA853CE28FB1A7A005E4EC1 /* Assets.xcassets */,
				6FA853D028FB1A7A005E4EC1 /* Preview Content */,
			);
			path = GameTime;
			sourceTree = "<group>";
		};
		6FA853D028FB1A7A005E4EC1 /* Preview Content */ = {
			isa = PBXGroup;
			children = (
				6FA853D128FB1A7A005E4EC1 /* Preview Assets.xcassets */,
			);
			path = "Preview Content";
			sourceTree = "<group>";
		};
		6FE6CF512D29971900FB78C5 /* App */ = {
			isa = PBXGroup;
			children = (
				6FA853CA28FB1A78005E4EC1 /* GameTimeApp.swift */,
				6FE6CF522D29972E00FB78C5 /* ProcessInfo.swift */,
			);
			path = App;
			sourceTree = "<group>";
		};
/* End PBXGroup section */

/* Begin PBXNativeTarget section */
		6FA853C628FB1A78005E4EC1 /* GameTime */ = {
			isa = PBXNativeTarget;
			buildConfigurationList = 6FA853D528FB1A7A005E4EC1 /* Build configuration list for PBXNativeTarget "GameTime" */;
			buildPhases = (
				6FA853C328FB1A78005E4EC1 /* Sources */,
				6FA853C428FB1A78005E4EC1 /* Frameworks */,
				6FA853C528FB1A78005E4EC1 /* Resources */,
			);
			buildRules = (
			);
			dependencies = (
			);
			name = GameTime;
			productName = GameTime;
			productReference = 6FA853C728FB1A78005E4EC1 /* GameTime.app */;
			productType = "com.apple.product-type.application";
		};
/* End PBXNativeTarget section */

/* Begin PBXProject section */
		6FA853BF28FB1A78005E4EC1 /* Project object */ = {
			isa = PBXProject;
			attributes = {
				BuildIndependentTargetsInParallel = 1;
				LastSwiftUpdateCheck = 1400;
				LastUpgradeCheck = 2630;
				TargetAttributes = {
					6FA853C628FB1A78005E4EC1 = {
						CreatedOnToolsVersion = 14.0.1;
					};
				};
			};
			buildConfigurationList = 6FA853C228FB1A78005E4EC1 /* Build configuration list for PBXProject "GameTime" */;
			compatibilityVersion = "Xcode 14.0";
			developmentRegion = en;
			hasScannedForEncodings = 0;
			knownRegions = (
				en,
				Base,
				es,
				"es-419",
			);
			mainGroup = 6FA853BE28FB1A78005E4EC1;
			productRefGroup = 6FA853C828FB1A78005E4EC1 /* Products */;
			projectDirPath = "";
			projectRoot = "";
			targets = (
				6FA853C628FB1A78005E4EC1 /* GameTime */,
			);
		};
/* End PBXProject section */

/* Begin PBXResourcesBuildPhase section */
		6FA853C528FB1A78005E4EC1 /* Resources */ = {
			isa = PBXResourcesBuildPhase;
			buildActionMask = 2147483647;
			files = (
				6FA853D228FB1A7A005E4EC1 /* Preview Assets.xcassets in Resources */,
				6FA853CF28FB1A7A005E4EC1 /* Assets.xcassets in Resources */,
				6F46D5122D2DB7A900963A18 /* Localizable.xcstrings in Resources */,
			);
			runOnlyForDeploymentPostprocessing = 0;
		};
/* End PBXResourcesBuildPhase section */

/* Begin PBXSourcesBuildPhase section */
		6FA853C328FB1A78005E4EC1 /* Sources */ = {
			isa = PBXSourcesBuildPhase;
			buildActionMask = 2147483647;
			files = (
				6F357A762D08B5620024F0F1 /* TimerRowView.swift in Sources */,
				6F23470429019A1200A765BE /* CreateTimerView.swift in Sources */,
				6F908BD32D0708C1000745F9 /* CreateTimerViewModel.swift in Sources */,
				6FF1B0EB2906CA21001B9E38 /* ActiveTimerView.swift in Sources */,
				6F2347162902934C00A765BE /* GTTimerManager.swift in Sources */,
				6F45A4DD2D1599940042D03F /* GameTimeToolbar.swift in Sources */,
				6F45A4DA2D1593E50042D03F /* PhaseChangeHandler.swift in Sources */,
				6FA853CD28FB1A78005E4EC1 /* MainView.swift in Sources */,
				6F3A9D1F2E1C4B8A00D11111 /* TimerList.swift in Sources */,
				6FA853D928FB1F03005E4EC1 /* TimerCardView.swift in Sources */,
				6F0F9067290E929D000E7E22 /* CircularProgressView.swift in Sources */,
				6F908BD82D0711DE000745F9 /* TimerDuration.swift in Sources */,
				6FF4A36A2CDA300900D7902D /* GTTextFieldView.swift in Sources */,
				6F234713290290F700A765BE /* GTTimer.swift in Sources */,
				6FE6CF532D29972E00FB78C5 /* ProcessInfo.swift in Sources */,
				6F78F4052CD937D500ECD69D /* ColorPickerView.swift in Sources */,
				6F81B5D22CA6FE740020BE44 /* EmptyView.swift in Sources */,
				6FA853CB28FB1A78005E4EC1 /* GameTimeApp.swift in Sources */,
				6FF4A36C2CDD024D00D7902D /* TimerDurationPicker.swift in Sources */,
			);
			runOnlyForDeploymentPostprocessing = 0;
		};
/* End PBXSourcesBuildPhase section */

/* Begin XCBuildConfiguration section */
		6FA853D328FB1A7A005E4EC1 /* Debug */ = {
			isa = XCBuildConfiguration;
			buildSettings = {
				ALWAYS_SEARCH_USER_PATHS = NO;
				ASSETCATALOG_COMPILER_GENERATE_SWIFT_ASSET_SYMBOL_EXTENSIONS = YES;
				CLANG_ANALYZER_LOCALIZABILITY_NONLOCALIZED = YES;
				CLANG_ANALYZER_NONNULL = YES;
				CLANG_ANALYZER_NUMBER_OBJECT_CONVERSION = YES_AGGRESSIVE;
				CLANG_CXX_LANGUAGE_STANDARD = "gnu++20";
				CLANG_ENABLE_MODULES = YES;
				CLANG_ENABLE_OBJC_ARC = YES;
				CLANG_ENABLE_OBJC_WEAK = YES;
				CLANG_WARN_BLOCK_CAPTURE_AUTORELEASING = YES;
				CLANG_WARN_BOOL_CONVERSION = YES;
				CLANG_WARN_COMMA = YES;
				CLANG_WARN_CONSTANT_CONVERSION = YES;
				CLANG_WARN_DEPRECATED_OBJC_IMPLEMENTATIONS = YES;
				CLANG_WARN_DIRECT_OBJC_ISA_USAGE = YES_ERROR;
				CLANG_WARN_DOCUMENTATION_COMMENTS = YES;
				CLANG_WARN_EMPTY_BODY = YES;
				CLANG_WARN_ENUM_CONVERSION = YES;
				CLANG_WARN_INFINITE_RECURSION = YES;
				CLANG_WARN_INT_CONVERSION = YES;
				CLANG_WARN_NON_LITERAL_NULL_CONVERSION = YES;
				CLANG_WARN_OBJC_IMPLICIT_RETAIN_SELF = YES;
				CLANG_WARN_OBJC_LITERAL_CONVERSION = YES;
				CLANG_WARN_OBJC_ROOT_CLASS = YES_ERROR;
				CLANG_WARN_QUOTED_INCLUDE_IN_FRAMEWORK_HEADER = YES;
				CLANG_WARN_RANGE_LOOP_ANALYSIS = YES;
				CLANG_WARN_STRICT_PROTOTYPES = YES;
				CLANG_WARN_SUSPICIOUS_MOVE = YES;
				CLANG_WARN_UNGUARDED_AVAILABILITY = YES_AGGRESSIVE;
				CLANG_WARN_UNREACHABLE_CODE = YES;
				CLANG_WARN__DUPLICATE_METHOD_MATCH = YES;
				COPY_PHASE_STRIP = NO;
				DEBUG_INFORMATION_FORMAT = dwarf;
				DEVELOPMENT_TEAM = 548ZQR4ZZN;
				ENABLE_STRICT_OBJC_MSGSEND = YES;
				ENABLE_TESTABILITY = YES;
				ENABLE_USER_SCRIPT_SANDBOXING = YES;
				GCC_C_LANGUAGE_STANDARD = gnu11;
				GCC_DYNAMIC_NO_PIC = NO;
				GCC_NO_COMMON_BLOCKS = YES;
				GCC_OPTIMIZATION_LEVEL = 0;
				GCC_PREPROCESSOR_DEFINITIONS = (
					"DEBUG=1",
					"$(inherited)",
				);
				GCC_WARN_64_TO_32_BIT_CONVERSION = YES;
				GCC_WARN_ABOUT_RETURN_TYPE = YES_ERROR;
				GCC_WARN_UNDECLARED_SELECTOR = YES;
				GCC_WARN_UNINITIALIZED_AUTOS = YES_AGGRESSIVE;
				GCC_WARN_UNUSED_FUNCTION = YES;
				GCC_WARN_UNUSED_VARIABLE = YES;
				IPHONEOS_DEPLOYMENT_TARGET = 16.0;
				MTL_ENABLE_DEBUG_INFO = INCLUDE_SOURCE;
				MTL_FAST_MATH = YES;
				ONLY_ACTIVE_ARCH = YES;
				SDKROOT = iphoneos;
				STRING_CATALOG_GENERATE_SYMBOLS = YES;
				SWIFT_ACTIVE_COMPILATION_CONDITIONS = DEBUG;
				SWIFT_EMIT_LOC_STRINGS = YES;
				SWIFT_OPTIMIZATION_LEVEL = "-Onone";
			};
			name = Debug;
		};
		6FA853D428FB1A7A005E4EC1 /* Release */ = {
			isa = XCBuildConfiguration;
			buildSettings = {
				ALWAYS_SEARCH_USER_PATHS = NO;
				ASSETCATALOG_COMPILER_GENERATE_SWIFT_ASSET_SYMBOL_EXTENSIONS = YES;
				CLANG_ANALYZER_LOCALIZABILITY_NONLOCALIZED = YES;
				CLANG_ANALYZER_NONNULL = YES;
				CLANG_ANALYZER_NUMBER_OBJECT_CONVERSION = YES_AGGRESSIVE;
				CLANG_CXX_LANGUAGE_STANDARD = "gnu++20";
				CLANG_ENABLE_MODULES = YES;
				CLANG_ENABLE_OBJC_ARC = YES;
				CLANG_ENABLE_OBJC_WEAK = YES;
				CLANG_WARN_BLOCK_CAPTURE_AUTORELEASING = YES;
				CLANG_WARN_BOOL_CONVERSION = YES;
				CLANG_WARN_COMMA = YES;
				CLANG_WARN_CONSTANT_CONVERSION = YES;
				CLANG_WARN_DEPRECATED_OBJC_IMPLEMENTATIONS = YES;
				CLANG_WARN_DIRECT_OBJC_ISA_USAGE = YES_ERROR;
				CLANG_WARN_DOCUMENTATION_COMMENTS = YES;
				CLANG_WARN_EMPTY_BODY = YES;
				CLANG_WARN_ENUM_CONVERSION = YES;
				CLANG_WARN_INFINITE_RECURSION = YES;
				CLANG_WARN_INT_CONVERSION = YES;
				CLANG_WARN_NON_LITERAL_NULL_CONVERSION = YES;
				CLANG_WARN_OBJC_IMPLICIT_RETAIN_SELF = YES;
				CLANG_WARN_OBJC_LITERAL_CONVERSION = YES;
				CLANG_WARN_OBJC_ROOT_CLASS = YES_ERROR;
				CLANG_WARN_QUOTED_INCLUDE_IN_FRAMEWORK_HEADER = YES;
				CLANG_WARN_RANGE_LOOP_ANALYSIS = YES;
				CLANG_WARN_STRICT_PROTOTYPES = YES;
				CLANG_WARN_SUSPICIOUS_MOVE = YES;
				CLANG_WARN_UNGUARDED_AVAILABILITY = YES_AGGRESSIVE;
				CLANG_WARN_UNREACHABLE_CODE = YES;
				CLANG_WARN__DUPLICATE_METHOD_MATCH = YES;
				COPY_PHASE_STRIP = NO;
				DEBUG_INFORMATION_FORMAT = "dwarf-with-dsym";
				DEVELOPMENT_TEAM = 548ZQR4ZZN;
				ENABLE_NS_ASSERTIONS = NO;
				ENABLE_STRICT_OBJC_MSGSEND = YES;
				ENABLE_USER_SCRIPT_SANDBOXING = YES;
				GCC_C_LANGUAGE_STANDARD = gnu11;
				GCC_NO_COMMON_BLOCKS = YES;
				GCC_WARN_64_TO_32_BIT_CONVERSION = YES;
				GCC_WARN_ABOUT_RETURN_TYPE = YES_ERROR;
				GCC_WARN_UNDECLARED_SELECTOR = YES;
				GCC_WARN_UNINITIALIZED_AUTOS = YES_AGGRESSIVE;
				GCC_WARN_UNUSED_FUNCTION = YES;
				GCC_WARN_UNUSED_VARIABLE = YES;
				IPHONEOS_DEPLOYMENT_TARGET = 16.0;
				MTL_ENABLE_DEBUG_INFO = NO;
				MTL_FAST_MATH = YES;
				SDKROOT = iphoneos;
				STRING_CATALOG_GENERATE_SYMBOLS = YES;
				SWIFT_COMPILATION_MODE = wholemodule;
				SWIFT_EMIT_LOC_STRINGS = YES;
				SWIFT_OPTIMIZATION_LEVEL = "-O";
				VALIDATE_PRODUCT = YES;
			};
			name = Release;
		};
		6FA853D628FB1A7A005E4EC1 /* Debug */ = {
			isa = XCBuildConfiguration;
			buildSettings = {
				ASSETCATALOG_COMPILER_APPICON_NAME = AppIcon;
				ASSETCATALOG_COMPILER_GLOBAL_ACCENT_COLOR_NAME = AccentColor;
				CODE_SIGN_STYLE = Automatic;
				CURRENT_PROJECT_VERSION = 1;
				DEVELOPMENT_ASSET_PATHS = "\"GameTime/Preview Content\"";
				ENABLE_PREVIEWS = YES;
				GENERATE_INFOPLIST_FILE = YES;
				INFOPLIST_FILE = GameTime/Info.plist;
				INFOPLIST_KEY_CFBundleDisplayName = GameTime;
				INFOPLIST_KEY_LSApplicationCategoryType = "public.app-category.utilities";
				INFOPLIST_KEY_UIApplicationSceneManifest_Generation = YES;
				INFOPLIST_KEY_UIApplicationSupportsIndirectInputEvents = YES;
				INFOPLIST_KEY_UILaunchScreen_Generation = YES;
				INFOPLIST_KEY_UISupportedInterfaceOrientations = "UIInterfaceOrientationLandscapeLeft UIInterfaceOrientationLandscapeRight UIInterfaceOrientationPortrait";
				INFOPLIST_KEY_UISupportedInterfaceOrientations_iPad = "UIInterfaceOrientationLandscapeLeft UIInterfaceOrientationLandscapeRight UIInterfaceOrientationPortrait UIInterfaceOrientationPortraitUpsideDown";
				IPHONEOS_DEPLOYMENT_TARGET = 15.0;
				LD_RUNPATH_SEARCH_PATHS = (
					"$(inherited)",
					"@executable_path/Frameworks",
				);
				MARKETING_VERSION = 1.3;
				PRODUCT_BUNDLE_IDENTIFIER = com.jlucea.GameTime;
				PRODUCT_NAME = "$(TARGET_NAME)";
				SUPPORTED_PLATFORMS = "iphoneos iphonesimulator";
				SUPPORTS_MACCATALYST = NO;
				SUPPORTS_MAC_DESIGNED_FOR_IPHONE_IPAD = NO;
				SWIFT_EMIT_LOC_STRINGS = YES;
				SWIFT_VERSION = 5.0;
				TARGETED_DEVICE_FAMILY = "1,2";
			};
			name = Debug;
		};
		6FA853D728FB1A7A005E4EC1 /* Release */ = {
			isa = XCBuildConfiguration;
			buildSettings = {
				ASSETCATALOG_COMPILER_APPICON_NAME = AppIcon;
				ASSETCATALOG_COMPILER_GLOBAL_ACCENT_COLOR_NAME = AccentColor;
				CODE_SIGN_STYLE = Automatic;
				CURRENT_PROJECT_VERSION = 1;
				DEVELOPMENT_ASSET_PATHS = "\"GameTime/Preview Content\"";
				ENABLE_PREVIEWS = YES;
				GENERATE_INFOPLIST_FILE = YES;
				INFOPLIST_FILE = GameTime/Info.plist;
				INFOPLIST_KEY_CFBundleDisplayName = GameTime;
				INFOPLIST_KEY_LSApplicationCategoryType = "public.app-category.utilities";
				INFOPLIST_KEY_UIApplicationSceneManifest_Generation = YES;
				INFOPLIST_KEY_UIApplicationSupportsIndirectInputEvents = YES;
				INFOPLIST_KEY_UILaunchScreen_Generation = YES;
				INFOPLIST_KEY_UISupportedInterfaceOrientations = "UIInterfaceOrientationLandscapeLeft UIInterfaceOrientationLandscapeRight UIInterfaceOrientationPortrait";
				INFOPLIST_KEY_UISupportedInterfaceOrientations_iPad = "UIInterfaceOrientationLandscapeLeft UIInterfaceOrientationLandscapeRight UIInterfaceOrientationPortrait UIInterfaceOrientationPortraitUpsideDown";
				IPHONEOS_DEPLOYMENT_TARGET = 15.0;
				LD_RUNPATH_SEARCH_PATHS = (
					"$(inherited)",
					"@executable_path/Frameworks",
				);
				MARKETING_VERSION = 1.3;
				PRODUCT_BUNDLE_IDENTIFIER = com.jlucea.GameTime;
				PRODUCT_NAME = "$(TARGET_NAME)";
				SUPPORTED_PLATFORMS = "iphoneos iphonesimulator";
				SUPPORTS_MACCATALYST = NO;
				SUPPORTS_MAC_DESIGNED_FOR_IPHONE_IPAD = NO;
				SWIFT_EMIT_LOC_STRINGS = YES;
				SWIFT_VERSION = 5.0;
				TARGETED_DEVICE_FAMILY = "1,2";
			};
			name = Release;
		};
/* End XCBuildConfiguration section */

/* Begin XCConfigurationList section */
		6FA853C228FB1A78005E4EC1 /* Build configuration list for PBXProject "GameTime" */ = {
			isa = XCConfigurationList;
			buildConfigurations = (
				6FA853D328FB1A7A005E4EC1 /* Debug */,
				6FA853D428FB1A7A005E4EC1 /* Release */,
			);
			defaultConfigurationIsVisible = 0;
			defaultConfigurationName = Release;
		};
		6FA853D528FB1A7A005E4EC1 /* Build configuration list for PBXNativeTarget "GameTime" */ = {
			isa = XCConfigurationList;
			buildConfigurations = (
				6FA853D628FB1A7A005E4EC1 /* Debug */,
				6FA853D728FB1A7A005E4EC1 /* Release */,
			);
			defaultConfigurationIsVisible = 0;
			defaultConfigurationName = Release;
		};
/* End XCConfigurationList section */
	};
	rootObject = 6FA853BF28FB1A78005E4EC1 /* Project object */;
}
